# This file is generated by running "yarn install" inside your project.
# Manual changes might be lost - proceed with caution!

__metadata:
  version: 6
  cacheKey: 8

"netskope-test@workspace:.":
  version: 0.0.0-use.local
  resolution: "netskope-test@workspace:."
  dependencies:
    react: ^19.0.0
  languageName: unknown
  linkType: soft

"react@npm:^19.0.0":
  version: 19.0.0
  resolution: "react@npm:19.0.0"
  checksum: 86de15d85b2465feb40297a90319c325cb07cf27191a361d47bcfe8c6126c973d660125aa67b8f4cbbe39f15a2f32efd0c814e98196d8e5b68c567ba40a399c6
  languageName: node
  linkType: hard
